
Microsoft Visual Studio Solution File, Format Version 12.00
# Visual Studio Version 17
VisualStudioVersion = 17.5.33424.131
MinimumVisualStudioVersion = 10.0.40219.1
Project("{2150E333-8FDC-42A3-9474-1A3956D46DE8}") = "Services", "Services", "{89FE1C87-11C0-4A8A-9989-97904659295D}"
EndProject
Project("{2150E333-8FDC-42A3-9474-1A3956D46DE8}") = "Catalog", "Catalog", "{8BDC201C-1E5A-4CDC-B279-62445B24E78C}"
EndProject
Project("{FAE04EC0-301F-11D3-BF4B-00C04F79EFBC}") = "Catalog.Core", "Services\Catalog\Catalog.Core\Catalog.Core.csproj", "{E9D6ACE4-3B5E-4CB4-B61F-CFA6B12E21C8}"
EndProject
Project("{FAE04EC0-301F-11D3-BF4B-00C04F79EFBC}") = "Catalog.Infraestructure", "Services\Catalog\Catalog.Infraestructure\Catalog.Infraestructure.csproj", "{ADE84B83-22F4-419F-828C-B3993AB0FB57}"
EndProject
Project("{FAE04EC0-301F-11D3-BF4B-00C04F79EFBC}") = "Catalog.Application", "Catalog.Application\Catalog.Application.csproj", "{968D1629-C197-441B-B9AC-2934BAC4512F}"
EndProject
Project("{FAE04EC0-301F-11D3-BF4B-00C04F79EFBC}") = "Catalog.Api", "Services\Catalog\Catalog.Api\Catalog.Api.csproj", "{5F61F140-0B84-456B-A869-342DA1E6610C}"
EndProject
Global
	GlobalSection(SolutionConfigurationPlatforms) = preSolution
		Debug|Any CPU = Debug|Any CPU
		Release|Any CPU = Release|Any CPU
	EndGlobalSection
	GlobalSection(ProjectConfigurationPlatforms) = postSolution
		{E9D6ACE4-3B5E-4CB4-B61F-CFA6B12E21C8}.Debug|Any CPU.ActiveCfg = Debug|Any CPU
		{E9D6ACE4-3B5E-4CB4-B61F-CFA6B12E21C8}.Debug|Any CPU.Build.0 = Debug|Any CPU
		{E9D6ACE4-3B5E-4CB4-B61F-CFA6B12E21C8}.Release|Any CPU.ActiveCfg = Release|Any CPU
		{E9D6ACE4-3B5E-4CB4-B61F-CFA6B12E21C8}.Release|Any CPU.Build.0 = Release|Any CPU
		{ADE84B83-22F4-419F-828C-B3993AB0FB57}.Debug|Any CPU.ActiveCfg = Debug|Any CPU
		{ADE84B83-22F4-419F-828C-B3993AB0FB57}.Debug|Any CPU.Build.0 = Debug|Any CPU
		{ADE84B83-22F4-419F-828C-B3993AB0FB57}.Release|Any CPU.ActiveCfg = Release|Any CPU
		{ADE84B83-22F4-419F-828C-B3993AB0FB57}.Release|Any CPU.Build.0 = Release|Any CPU
		{968D1629-C197-441B-B9AC-2934BAC4512F}.Debug|Any CPU.ActiveCfg = Debug|Any CPU
		{968D1629-C197-441B-B9AC-2934BAC4512F}.Debug|Any CPU.Build.0 = Debug|Any CPU
		{968D1629-C197-441B-B9AC-2934BAC4512F}.Release|Any CPU.ActiveCfg = Release|Any CPU
		{968D1629-C197-441B-B9AC-2934BAC4512F}.Release|Any CPU.Build.0 = Release|Any CPU
		{5F61F140-0B84-456B-A869-342DA1E6610C}.Debug|Any CPU.ActiveCfg = Debug|Any CPU
		{5F61F140-0B84-456B-A869-342DA1E6610C}.Debug|Any CPU.Build.0 = Debug|Any CPU
		{5F61F140-0B84-456B-A869-342DA1E6610C}.Release|Any CPU.ActiveCfg = Release|Any CPU
		{5F61F140-0B84-456B-A869-342DA1E6610C}.Release|Any CPU.Build.0 = Release|Any CPU
	EndGlobalSection
	GlobalSection(SolutionProperties) = preSolution
		HideSolutionNode = FALSE
	EndGlobalSection
	GlobalSection(NestedProjects) = preSolution
		{8BDC201C-1E5A-4CDC-B279-62445B24E78C} = {89FE1C87-11C0-4A8A-9989-97904659295D}
		{E9D6ACE4-3B5E-4CB4-B61F-CFA6B12E21C8} = {8BDC201C-1E5A-4CDC-B279-62445B24E78C}
		{ADE84B83-22F4-419F-828C-B3993AB0FB57} = {8BDC201C-1E5A-4CDC-B279-62445B24E78C}
		{968D1629-C197-441B-B9AC-2934BAC4512F} = {8BDC201C-1E5A-4CDC-B279-62445B24E78C}
		{5F61F140-0B84-456B-A869-342DA1E6610C} = {8BDC201C-1E5A-4CDC-B279-62445B24E78C}
	EndGlobalSection
	GlobalSection(ExtensibilityGlobals) = postSolution
		SolutionGuid = {8953EB1D-3084-4CEF-BE3D-7854472C32D4}
	EndGlobalSection
EndGlobal
